<?xml version="1.0" encoding="utf-8"?>
<Project ToolsVersion="4.0" xmlns="http://schemas.microsoft.com/developer/msbuild/2003">
  <ItemGroup>
    <Filter Include="Fichiers sources">
      <UniqueIdentifier>{4FC737F1-C7A5-4376-A066-2A32D752A2FF}</UniqueIdentifier>
      <Extensions>cpp;c;cc;cxx;def;odl;idl;hpj;bat;asm;asmx</Extensions>
    </Filter>
    <Filter Include="Fichiers d%27en-tête">
      <UniqueIdentifier>{93995380-89BD-4b04-88EB-625FBE52EBFB}</UniqueIdentifier>
      <Extensions>h;hh;hpp;hxx;hm;inl;inc;xsd</Extensions>
    </Filter>
    <Filter Include="Fichiers de ressources">
      <UniqueIdentifier>{67DA6AB6-F800-4c08-8B7A-83BB121AAD01}</UniqueIdentifier>
      <Extensions>rc;ico;cur;bmp;dlg;rc2;rct;bin;rgs;gif;jpg;jpeg;jpe;resx;tiff;tif;png;wav;mfcribbon-ms</Extensions>
    </Filter>
    <Filter Include="Antlr">
      <UniqueIdentifier>{2e0615af-f86c-4f48-ac4f-0069efa5a26a}</UniqueIdentifier>
    </Filter>
  </ItemGroup>
  <ItemGroup>
    <ClCompile Include="src\Block.cpp">
      <Filter>Fichiers sources</Filter>
    </ClCompile>
    <ClCompile Include="src\Condition.cpp">
      <Filter>Fichiers sources</Filter>
    </ClCompile>
    <ClCompile Include="src\Const.cpp">
      <Filter>Fichiers sources</Filter>
    </ClCompile>
    <ClCompile Include="src\Expression.cpp">
      <Filter>Fichiers sources</Filter>
    </ClCompile>
    <ClCompile Include="src\Funct.cpp">
      <Filter>Fichiers sources</Filter>
    </ClCompile>
    <ClCompile Include="src\Instruction.cpp">
      <Filter>Fichiers sources</Filter>
    </ClCompile>
    <ClCompile Include="src\Loop.cpp">
      <Filter>Fichiers sources</Filter>
    </ClCompile>
    <ClCompile Include="src\Program.cpp">
      <Filter>Fichiers sources</Filter>
    </ClCompile>
    <ClCompile Include="src\Variable.cpp">
      <Filter>Fichiers sources</Filter>
    </ClCompile>
    <ClCompile Include="base_antlr\cmmpBaseListener.cpp">
      <Filter>Antlr</Filter>
    </ClCompile>
    <ClCompile Include="base_antlr\cmmpBaseVisitor.cpp">
      <Filter>Antlr</Filter>
    </ClCompile>
    <ClCompile Include="base_antlr\cmmpLexer.cpp">
      <Filter>Antlr</Filter>
    </ClCompile>
    <ClCompile Include="base_antlr\cmmpListener.cpp">
      <Filter>Antlr</Filter>
    </ClCompile>
    <ClCompile Include="base_antlr\cmmpParser.cpp">
      <Filter>Antlr</Filter>
    </ClCompile>
    <ClCompile Include="base_antlr\cmmpVisitor.cpp">
      <Filter>Antlr</Filter>
    </ClCompile>
    <ClCompile Include="main.cpp">
      <Filter>Fichiers sources</Filter>
    </ClCompile>
  </ItemGroup>
  <ItemGroup>
    <ClInclude Include="src\Block.h">
      <Filter>Fichiers d%27en-tête</Filter>
    </ClInclude>
    <ClInclude Include="src\CommonTypes.h">
      <Filter>Fichiers d%27en-tête</Filter>
    </ClInclude>
    <ClInclude Include="src\Condition.h">
      <Filter>Fichiers d%27en-tête</Filter>
    </ClInclude>
    <ClInclude Include="src\Const.h">
      <Filter>Fichiers d%27en-tête</Filter>
    </ClInclude>
    <ClInclude Include="src\Expression.h">
      <Filter>Fichiers d%27en-tête</Filter>
    </ClInclude>
    <ClInclude Include="src\Funct.h">
      <Filter>Fichiers d%27en-tête</Filter>
    </ClInclude>
    <ClInclude Include="src\Instruction.h">
      <Filter>Fichiers d%27en-tête</Filter>
    </ClInclude>
    <ClInclude Include="src\Loop.h">
      <Filter>Fichiers d%27en-tête</Filter>
    </ClInclude>
    <ClInclude Include="src\Program.h">
      <Filter>Fichiers d%27en-tête</Filter>
    </ClInclude>
    <ClInclude Include="src\Type.h">
      <Filter>Fichiers d%27en-tête</Filter>
    </ClInclude>
    <ClInclude Include="src\Variable.h">
      <Filter>Fichiers d%27en-tête</Filter>
    </ClInclude>
    <ClInclude Include="base_antlr\cmmpBaseListener.h">
      <Filter>Antlr</Filter>
    </ClInclude>
    <ClInclude Include="base_antlr\cmmpBaseVisitor.h">
      <Filter>Antlr</Filter>
    </ClInclude>
    <ClInclude Include="base_antlr\cmmpLexer.h">
      <Filter>Antlr</Filter>
    </ClInclude>
    <ClInclude Include="base_antlr\cmmpListener.h">
      <Filter>Antlr</Filter>
    </ClInclude>
    <ClInclude Include="base_antlr\cmmpParser.h">
      <Filter>Antlr</Filter>
    </ClInclude>
    <ClInclude Include="base_antlr\cmmpVisitor.h">
      <Filter>Antlr</Filter>
    </ClInclude>
  </ItemGroup>
  <ItemGroup>
    <None Include="base_antlr\cmmp.g4">
      <Filter>Fichiers de ressources</Filter>
    </None>
    <None Include="base_antlr\cmmp.interp">
      <Filter>Fichiers de ressources</Filter>
    </None>
    <None Include="base_antlr\cmmp.tokens">
      <Filter>Fichiers de ressources</Filter>
    </None>
    <None Include="base_antlr\cmmpLexer.interp">
      <Filter>Fichiers de ressources</Filter>
    </None>
    <None Include="base_antlr\cmmpLexer.tokens">
      <Filter>Fichiers de ressources</Filter>
    </None>
  </ItemGroup>
</Project>